
Microsoft Visual Studio Solution File, Format Version 12.00
# Visual Studio Version 16
VisualStudioVersion = 16.0.31205.134
MinimumVisualStudioVersion = 10.0.40219.1
Project("{FAE04EC0-301F-11D3-BF4B-00C04F79EFBC}") = "BootcampPractice", "BootcampPractice\BootcampPractice.csproj", "{1F9E8FE3-14B0-43CD-87DA-1B1096409335}"
EndProject
Project("{FAE04EC0-301F-11D3-BF4B-00C04F79EFBC}") = "BootcampPractice.DTO", "BootcampPractice.DTO\BootcampPractice.DTO.csproj", "{A4F18879-6855-4E7B-B850-2CE16BE7AA69}"
EndProject
Project("{FAE04EC0-301F-11D3-BF4B-00C04F79EFBC}") = "BootcampPractice.ApplicationCore", "BootcampPractice.ApplicationCore\BootcampPractice.ApplicationCore.csproj", "{B8392C79-B832-4458-B279-6A272F0F2AEA}"
EndProject
Project("{FAE04EC0-301F-11D3-BF4B-00C04F79EFBC}") = "BootcampPractice.Infrastructure", "BootcampPractice.Infrastructure\BootcampPractice.Infrastructure.csproj", "{EDA5392F-CE17-4573-905D-84C55CFDD14C}"
EndProject
Global
	GlobalSection(SolutionConfigurationPlatforms) = preSolution
		Debug|Any CPU = Debug|Any CPU
		Release|Any CPU = Release|Any CPU
	EndGlobalSection
	GlobalSection(ProjectConfigurationPlatforms) = postSolution
		{1F9E8FE3-14B0-43CD-87DA-1B1096409335}.Debug|Any CPU.ActiveCfg = Debug|Any CPU
		{1F9E8FE3-14B0-43CD-87DA-1B1096409335}.Debug|Any CPU.Build.0 = Debug|Any CPU
		{1F9E8FE3-14B0-43CD-87DA-1B1096409335}.Release|Any CPU.ActiveCfg = Release|Any CPU
		{1F9E8FE3-14B0-43CD-87DA-1B1096409335}.Release|Any CPU.Build.0 = Release|Any CPU
		{A4F18879-6855-4E7B-B850-2CE16BE7AA69}.Debug|Any CPU.ActiveCfg = Debug|Any CPU
		{A4F18879-6855-4E7B-B850-2CE16BE7AA69}.Debug|Any CPU.Build.0 = Debug|Any CPU
		{A4F18879-6855-4E7B-B850-2CE16BE7AA69}.Release|Any CPU.ActiveCfg = Release|Any CPU
		{A4F18879-6855-4E7B-B850-2CE16BE7AA69}.Release|Any CPU.Build.0 = Release|Any CPU
		{B8392C79-B832-4458-B279-6A272F0F2AEA}.Debug|Any CPU.ActiveCfg = Debug|Any CPU
		{B8392C79-B832-4458-B279-6A272F0F2AEA}.Debug|Any CPU.Build.0 = Debug|Any CPU
		{B8392C79-B832-4458-B279-6A272F0F2AEA}.Release|Any CPU.ActiveCfg = Release|Any CPU
		{B8392C79-B832-4458-B279-6A272F0F2AEA}.Release|Any CPU.Build.0 = Release|Any CPU
		{EDA5392F-CE17-4573-905D-84C55CFDD14C}.Debug|Any CPU.ActiveCfg = Debug|Any CPU
		{EDA5392F-CE17-4573-905D-84C55CFDD14C}.Debug|Any CPU.Build.0 = Debug|Any CPU
		{EDA5392F-CE17-4573-905D-84C55CFDD14C}.Release|Any CPU.ActiveCfg = Release|Any CPU
		{EDA5392F-CE17-4573-905D-84C55CFDD14C}.Release|Any CPU.Build.0 = Release|Any CPU
	EndGlobalSection
	GlobalSection(SolutionProperties) = preSolution
		HideSolutionNode = FALSE
	EndGlobalSection
	GlobalSection(ExtensibilityGlobals) = postSolution
		SolutionGuid = {3068A4A7-CC4C-473A-9784-6465E49CD41B}
	EndGlobalSection
EndGlobal
